
Microsoft Visual Studio Solution File, Format Version 12.00
# Visual Studio Version 17
VisualStudioVersion = 17.4.33103.184
MinimumVisualStudioVersion = 10.0.40219.1
Project("{FAE04EC0-301F-11D3-BF4B-00C04F79EFBC}") = "perfect numbers", "perfect numbers\perfect numbers.csproj", "{8AD28E93-E040-4B65-9D54-7C583CF3C005}"
EndProject
Global
	GlobalSection(SolutionConfigurationPlatforms) = preSolution
		Debug|Any CPU = Debug|Any CPU
		Release|Any CPU = Release|Any CPU
	EndGlobalSection
	GlobalSection(ProjectConfigurationPlatforms) = postSolution
		{8AD28E93-E040-4B65-9D54-7C583CF3C005}.Debug|Any CPU.ActiveCfg = Debug|Any CPU
		{8AD28E93-E040-4B65-9D54-7C583CF3C005}.Debug|Any CPU.Build.0 = Debug|Any CPU
		{8AD28E93-E040-4B65-9D54-7C583CF3C005}.Release|Any CPU.ActiveCfg = Release|Any CPU
		{8AD28E93-E040-4B65-9D54-7C583CF3C005}.Release|Any CPU.Build.0 = Release|Any CPU
	EndGlobalSection
	GlobalSection(SolutionProperties) = preSolution
		HideSolutionNode = FALSE
	EndGlobalSection
	GlobalSection(ExtensibilityGlobals) = postSolution
		SolutionGuid = {69A365B3-F276-4C9D-8CD3-9DA6DF603128}
	EndGlobalSection
EndGlobal
